// !$*UTF8*$!
{
	archiveVersion = 1;
	classes = {
	};
	objectVersion = 56;
	objects = {

/* Begin PBXBuildFile section */
		FA7865B12BA4F0CE00D3F373 /* MrBeefAppApp.swift in Sources */ = {isa = PBXBuildFile; fileRef = FA7865B02BA4F0CE00D3F373 /* MrBeefAppApp.swift */; };
		FA7865B52BA4F0D000D3F373 /* Assets.xcassets in Resources */ = {isa = PBXBuildFile; fileRef = FA7865B42BA4F0D000D3F373 /* Assets.xcassets */; };
		FA7865B82BA4F0D000D3F373 /* Preview Assets.xcassets in Resources */ = {isa = PBXBuildFile; fileRef = FA7865B72BA4F0D000D3F373 /* Preview Assets.xcassets */; };
		FA7865C12BA4F6CD00D3F373 /* SignInView.swift in Sources */ = {isa = PBXBuildFile; fileRef = FA7865C02BA4F6CD00D3F373 /* SignInView.swift */; };
		FA7865C32BA4F6E000D3F373 /* LogoView.swift in Sources */ = {isa = PBXBuildFile; fileRef = FA7865C22BA4F6E000D3F373 /* LogoView.swift */; };
		FA7865C72BA4F6F800D3F373 /* LabelView.swift in Sources */ = {isa = PBXBuildFile; fileRef = FA7865C62BA4F6F800D3F373 /* LabelView.swift */; };
		FA7865C92BA4F70400D3F373 /* TextFieldView.swift in Sources */ = {isa = PBXBuildFile; fileRef = FA7865C82BA4F70400D3F373 /* TextFieldView.swift */; };
		FA7865CB2BA4F71500D3F373 /* SecureFieldView.swift in Sources */ = {isa = PBXBuildFile; fileRef = FA7865CA2BA4F71500D3F373 /* SecureFieldView.swift */; };
		FA7865CD2BA4F72300D3F373 /* ColorPalette.swift in Sources */ = {isa = PBXBuildFile; fileRef = FA7865CC2BA4F72300D3F373 /* ColorPalette.swift */; };
		FA7865D02BA4F75900D3F373 /* ButtonView.swift in Sources */ = {isa = PBXBuildFile; fileRef = FA7865CF2BA4F75900D3F373 /* ButtonView.swift */; };
		FA7865D22BA503BB00D3F373 /* HomeView.swift in Sources */ = {isa = PBXBuildFile; fileRef = FA7865D12BA503BB00D3F373 /* HomeView.swift */; };
		FAA743E42BA5DB5B004DEE01 /* SearchAndFilterBar.swift in Sources */ = {isa = PBXBuildFile; fileRef = FAA743E32BA5DB5B004DEE01 /* SearchAndFilterBar.swift */; };
		FAA743E62BA5E726004DEE01 /* GroupImage.swift in Sources */ = {isa = PBXBuildFile; fileRef = FAA743E52BA5E726004DEE01 /* GroupImage.swift */; };
		FAA743EC2BA7B1CA004DEE01 /* CreateProfileView.swift in Sources */ = {isa = PBXBuildFile; fileRef = FAA743EB2BA7B1CA004DEE01 /* CreateProfileView.swift */; };
		FAA743EE2BA91C4C004DEE01 /* ProfileView.swift in Sources */ = {isa = PBXBuildFile; fileRef = FAA743ED2BA91C4B004DEE01 /* ProfileView.swift */; };
/* End PBXBuildFile section */

/* Begin PBXFileReference section */
		FA7865AD2BA4F0CE00D3F373 /* MrBeefApp.app */ = {isa = PBXFileReference; explicitFileType = wrapper.application; includeInIndex = 0; path = MrBeefApp.app; sourceTree = BUILT_PRODUCTS_DIR; };
		FA7865B02BA4F0CE00D3F373 /* MrBeefAppApp.swift */ = {isa = PBXFileReference; lastKnownFileType = sourcecode.swift; path = MrBeefAppApp.swift; sourceTree = "<group>"; };
		FA7865B42BA4F0D000D3F373 /* Assets.xcassets */ = {isa = PBXFileReference; lastKnownFileType = folder.assetcatalog; path = Assets.xcassets; sourceTree = "<group>"; };
		FA7865B72BA4F0D000D3F373 /* Preview Assets.xcassets */ = {isa = PBXFileReference; lastKnownFileType = folder.assetcatalog; path = "Preview Assets.xcassets"; sourceTree = "<group>"; };
		FA7865C02BA4F6CD00D3F373 /* SignInView.swift */ = {isa = PBXFileReference; lastKnownFileType = sourcecode.swift; path = SignInView.swift; sourceTree = "<group>"; };
		FA7865C22BA4F6E000D3F373 /* LogoView.swift */ = {isa = PBXFileReference; lastKnownFileType = sourcecode.swift; path = LogoView.swift; sourceTree = "<group>"; };
		FA7865C62BA4F6F800D3F373 /* LabelView.swift */ = {isa = PBXFileReference; lastKnownFileType = sourcecode.swift; path = LabelView.swift; sourceTree = "<group>"; };
		FA7865C82BA4F70400D3F373 /* TextFieldView.swift */ = {isa = PBXFileReference; lastKnownFileType = sourcecode.swift; path = TextFieldView.swift; sourceTree = "<group>"; };
		FA7865CA2BA4F71500D3F373 /* SecureFieldView.swift */ = {isa = PBXFileReference; lastKnownFileType = sourcecode.swift; path = SecureFieldView.swift; sourceTree = "<group>"; };
		FA7865CC2BA4F72300D3F373 /* ColorPalette.swift */ = {isa = PBXFileReference; lastKnownFileType = sourcecode.swift; path = ColorPalette.swift; sourceTree = "<group>"; };
		FA7865CF2BA4F75900D3F373 /* ButtonView.swift */ = {isa = PBXFileReference; lastKnownFileType = sourcecode.swift; path = ButtonView.swift; sourceTree = "<group>"; };
		FA7865D12BA503BB00D3F373 /* HomeView.swift */ = {isa = PBXFileReference; lastKnownFileType = sourcecode.swift; path = HomeView.swift; sourceTree = "<group>"; };
		FAA743E32BA5DB5B004DEE01 /* SearchAndFilterBar.swift */ = {isa = PBXFileReference; lastKnownFileType = sourcecode.swift; path = SearchAndFilterBar.swift; sourceTree = "<group>"; };
		FAA743E52BA5E726004DEE01 /* GroupImage.swift */ = {isa = PBXFileReference; lastKnownFileType = sourcecode.swift; path = GroupImage.swift; sourceTree = "<group>"; };
		FAA743EB2BA7B1CA004DEE01 /* CreateProfileView.swift */ = {isa = PBXFileReference; lastKnownFileType = sourcecode.swift; path = CreateProfileView.swift; sourceTree = "<group>"; };
		FAA743ED2BA91C4B004DEE01 /* ProfileView.swift */ = {isa = PBXFileReference; lastKnownFileType = sourcecode.swift; path = ProfileView.swift; sourceTree = "<group>"; };
/* End PBXFileReference section */

/* Begin PBXFrameworksBuildPhase section */
		FA7865AA2BA4F0CE00D3F373 /* Frameworks */ = {
			isa = PBXFrameworksBuildPhase;
			buildActionMask = 2147483647;
			files = (
			);
			runOnlyForDeploymentPostprocessing = 0;
		};
/* End PBXFrameworksBuildPhase section */

/* Begin PBXGroup section */
		AA5FDE6F2BAB867600B6AA5B /* framework */ = {
			isa = PBXGroup;
			children = (
				FA7865CC2BA4F72300D3F373 /* ColorPalette.swift */,
				FA7865BF2BA4F6AE00D3F373 /* components */,
			);
			path = framework;
			sourceTree = "<group>";
		};
		AA5FDE702BAB869800B6AA5B /* home */ = {
			isa = PBXGroup;
			children = (
				AA5FDE712BAB869F00B6AA5B /* views */,
			);
			path = home;
			sourceTree = "<group>";
		};
		AA5FDE712BAB869F00B6AA5B /* views */ = {
			isa = PBXGroup;
			children = (
				FA7865D12BA503BB00D3F373 /* HomeView.swift */,
				FAA743E32BA5DB5B004DEE01 /* SearchAndFilterBar.swift */,
				FAA743E52BA5E726004DEE01 /* GroupImage.swift */,
			);
			path = views;
			sourceTree = "<group>";
		};
		AA5FDE722BAB86AF00B6AA5B /* registration */ = {
			isa = PBXGroup;
			children = (
				AA5FDE762BAB873700B6AA5B /* views */,
			);
			path = registration;
			sourceTree = "<group>";
		};
		AA5FDE732BAB86F700B6AA5B /* modules */ = {
			isa = PBXGroup;
			children = (
				AA5FDE702BAB869800B6AA5B /* home */,
				AA5FDE742BAB872500B6AA5B /* authentication */,
				AA5FDE722BAB86AF00B6AA5B /* registration */,
			);
			path = modules;
			sourceTree = "<group>";
		};
		AA5FDE742BAB872500B6AA5B /* authentication */ = {
			isa = PBXGroup;
			children = (
				AA5FDE752BAB873000B6AA5B /* views */,
			);
			path = authentication;
			sourceTree = "<group>";
		};
		AA5FDE752BAB873000B6AA5B /* views */ = {
			isa = PBXGroup;
			children = (
				FA7865C02BA4F6CD00D3F373 /* SignInView.swift */,
			);
			path = views;
			sourceTree = "<group>";
		};
		AA5FDE762BAB873700B6AA5B /* views */ = {
			isa = PBXGroup;
			children = (
				FAA743EB2BA7B1CA004DEE01 /* CreateProfileView.swift */,
				FAA743ED2BA91C4B004DEE01 /* ProfileView.swift */,
			);
			path = views;
			sourceTree = "<group>";
		};
		FA7865A42BA4F0CE00D3F373 = {
			isa = PBXGroup;
			children = (
				FA7865AF2BA4F0CE00D3F373 /* MrBeefApp */,
				FA7865AE2BA4F0CE00D3F373 /* Products */,
			);
			sourceTree = "<group>";
		};
		FA7865AE2BA4F0CE00D3F373 /* Products */ = {
			isa = PBXGroup;
			children = (
				FA7865AD2BA4F0CE00D3F373 /* MrBeefApp.app */,
			);
			name = Products;
			sourceTree = "<group>";
		};
		FA7865AF2BA4F0CE00D3F373 /* MrBeefApp */ = {
			isa = PBXGroup;
			children = (
				AA5FDE6F2BAB867600B6AA5B /* framework */,
				AA5FDE732BAB86F700B6AA5B /* modules */,
				FA7865B02BA4F0CE00D3F373 /* MrBeefAppApp.swift */,
				FA7865B42BA4F0D000D3F373 /* Assets.xcassets */,
				FA7865B62BA4F0D000D3F373 /* Preview Content */,
			);
			path = MrBeefApp;
			sourceTree = "<group>";
		};
		FA7865B62BA4F0D000D3F373 /* Preview Content */ = {
			isa = PBXGroup;
			children = (
				FA7865B72BA4F0D000D3F373 /* Preview Assets.xcassets */,
			);
			path = "Preview Content";
			sourceTree = "<group>";
		};
		FA7865BF2BA4F6AE00D3F373 /* components */ = {
			isa = PBXGroup;
			children = (
				FA7865C22BA4F6E000D3F373 /* LogoView.swift */,
				FA7865C62BA4F6F800D3F373 /* LabelView.swift */,
				FA7865C82BA4F70400D3F373 /* TextFieldView.swift */,
				FA7865CA2BA4F71500D3F373 /* SecureFieldView.swift */,
				FA7865CF2BA4F75900D3F373 /* ButtonView.swift */,
			);
			path = components;
			sourceTree = "<group>";
		};
/* End PBXGroup section */

/* Begin PBXNativeTarget section */
		FA7865AC2BA4F0CE00D3F373 /* MrBeefApp */ = {
			isa = PBXNativeTarget;
			buildConfigurationList = FA7865BB2BA4F0D000D3F373 /* Build configuration list for PBXNativeTarget "MrBeefApp" */;
			buildPhases = (
				FA7865A92BA4F0CE00D3F373 /* Sources */,
				FA7865AA2BA4F0CE00D3F373 /* Frameworks */,
				FA7865AB2BA4F0CE00D3F373 /* Resources */,
			);
			buildRules = (
			);
			dependencies = (
			);
			name = MrBeefApp;
			productName = MrBeefApp;
			productReference = FA7865AD2BA4F0CE00D3F373 /* MrBeefApp.app */;
			productType = "com.apple.product-type.application";
		};
/* End PBXNativeTarget section */

/* Begin PBXProject section */
		FA7865A52BA4F0CE00D3F373 /* Project object */ = {
			isa = PBXProject;
			attributes = {
				BuildIndependentTargetsInParallel = 1;
				LastSwiftUpdateCheck = 1430;
				LastUpgradeCheck = 1430;
				TargetAttributes = {
					FA7865AC2BA4F0CE00D3F373 = {
						CreatedOnToolsVersion = 14.3.1;
					};
				};
			};
			buildConfigurationList = FA7865A82BA4F0CE00D3F373 /* Build configuration list for PBXProject "MrBeefApp" */;
			compatibilityVersion = "Xcode 14.0";
			developmentRegion = en;
			hasScannedForEncodings = 0;
			knownRegions = (
				en,
				Base,
			);
			mainGroup = FA7865A42BA4F0CE00D3F373;
			productRefGroup = FA7865AE2BA4F0CE00D3F373 /* Products */;
			projectDirPath = "";
			projectRoot = "";
			targets = (
				FA7865AC2BA4F0CE00D3F373 /* MrBeefApp */,
			);
		};
/* End PBXProject section */

/* Begin PBXResourcesBuildPhase section */
		FA7865AB2BA4F0CE00D3F373 /* Resources */ = {
			isa = PBXResourcesBuildPhase;
			buildActionMask = 2147483647;
			files = (
				FA7865B82BA4F0D000D3F373 /* Preview Assets.xcassets in Resources */,
				FA7865B52BA4F0D000D3F373 /* Assets.xcassets in Resources */,
			);
			runOnlyForDeploymentPostprocessing = 0;
		};
/* End PBXResourcesBuildPhase section */

/* Begin PBXSourcesBuildPhase section */
		FA7865A92BA4F0CE00D3F373 /* Sources */ = {
			isa = PBXSourcesBuildPhase;
			buildActionMask = 2147483647;
			files = (
				FA7865C92BA4F70400D3F373 /* TextFieldView.swift in Sources */,
				FA7865D02BA4F75900D3F373 /* ButtonView.swift in Sources */,
				FA7865CD2BA4F72300D3F373 /* ColorPalette.swift in Sources */,
				FA7865C12BA4F6CD00D3F373 /* SignInView.swift in Sources */,
				FA7865C32BA4F6E000D3F373 /* LogoView.swift in Sources */,
				FAA743EE2BA91C4C004DEE01 /* ProfileView.swift in Sources */,
				FAA743E42BA5DB5B004DEE01 /* SearchAndFilterBar.swift in Sources */,
				FAA743EC2BA7B1CA004DEE01 /* CreateProfileView.swift in Sources */,
				FAA743E62BA5E726004DEE01 /* GroupImage.swift in Sources */,
				FA7865D22BA503BB00D3F373 /* HomeView.swift in Sources */,
				FA7865B12BA4F0CE00D3F373 /* MrBeefAppApp.swift in Sources */,
				FA7865CB2BA4F71500D3F373 /* SecureFieldView.swift in Sources */,
				FA7865C72BA4F6F800D3F373 /* LabelView.swift in Sources */,
			);
			runOnlyForDeploymentPostprocessing = 0;
		};
/* End PBXSourcesBuildPhase section */

/* Begin XCBuildConfiguration section */
		FA7865B92BA4F0D000D3F373 /* Debug */ = {
			isa = XCBuildConfiguration;
			buildSettings = {
				ALWAYS_SEARCH_USER_PATHS = NO;
				CLANG_ANALYZER_NONNULL = YES;
				CLANG_ANALYZER_NUMBER_OBJECT_CONVERSION = YES_AGGRESSIVE;
				CLANG_CXX_LANGUAGE_STANDARD = "gnu++20";
				CLANG_ENABLE_MODULES = YES;
				CLANG_ENABLE_OBJC_ARC = YES;
				CLANG_ENABLE_OBJC_WEAK = YES;
				CLANG_WARN_BLOCK_CAPTURE_AUTORELEASING = YES;
				CLANG_WARN_BOOL_CONVERSION = YES;
				CLANG_WARN_COMMA = YES;
				CLANG_WARN_CONSTANT_CONVERSION = YES;
				CLANG_WARN_DEPRECATED_OBJC_IMPLEMENTATIONS = YES;
				CLANG_WARN_DIRECT_OBJC_ISA_USAGE = YES_ERROR;
				CLANG_WARN_DOCUMENTATION_COMMENTS = YES;
				CLANG_WARN_EMPTY_BODY = YES;
				CLANG_WARN_ENUM_CONVERSION = YES;
				CLANG_WARN_INFINITE_RECURSION = YES;
				CLANG_WARN_INT_CONVERSION = YES;
				CLANG_WARN_NON_LITERAL_NULL_CONVERSION = YES;
				CLANG_WARN_OBJC_IMPLICIT_RETAIN_SELF = YES;
				CLANG_WARN_OBJC_LITERAL_CONVERSION = YES;
				CLANG_WARN_OBJC_ROOT_CLASS = YES_ERROR;
				CLANG_WARN_QUOTED_INCLUDE_IN_FRAMEWORK_HEADER = YES;
				CLANG_WARN_RANGE_LOOP_ANALYSIS = YES;
				CLANG_WARN_STRICT_PROTOTYPES = YES;
				CLANG_WARN_SUSPICIOUS_MOVE = YES;
				CLANG_WARN_UNGUARDED_AVAILABILITY = YES_AGGRESSIVE;
				CLANG_WARN_UNREACHABLE_CODE = YES;
				CLANG_WARN__DUPLICATE_METHOD_MATCH = YES;
				COPY_PHASE_STRIP = NO;
				DEBUG_INFORMATION_FORMAT = dwarf;
				ENABLE_STRICT_OBJC_MSGSEND = YES;
				ENABLE_TESTABILITY = YES;
				GCC_C_LANGUAGE_STANDARD = gnu11;
				GCC_DYNAMIC_NO_PIC = NO;
				GCC_NO_COMMON_BLOCKS = YES;
				GCC_OPTIMIZATION_LEVEL = 0;
				GCC_PREPROCESSOR_DEFINITIONS = (
					"DEBUG=1",
					"$(inherited)",
				);
				GCC_WARN_64_TO_32_BIT_CONVERSION = YES;
				GCC_WARN_ABOUT_RETURN_TYPE = YES_ERROR;
				GCC_WARN_UNDECLARED_SELECTOR = YES;
				GCC_WARN_UNINITIALIZED_AUTOS = YES_AGGRESSIVE;
				GCC_WARN_UNUSED_FUNCTION = YES;
				GCC_WARN_UNUSED_VARIABLE = YES;
				IPHONEOS_DEPLOYMENT_TARGET = 16.4;
				MTL_ENABLE_DEBUG_INFO = INCLUDE_SOURCE;
				MTL_FAST_MATH = YES;
				ONLY_ACTIVE_ARCH = YES;
				SDKROOT = iphoneos;
				SWIFT_ACTIVE_COMPILATION_CONDITIONS = DEBUG;
				SWIFT_OPTIMIZATION_LEVEL = "-Onone";
			};
			name = Debug;
		};
		FA7865BA2BA4F0D000D3F373 /* Release */ = {
			isa = XCBuildConfiguration;
			buildSettings = {
				ALWAYS_SEARCH_USER_PATHS = NO;
				CLANG_ANALYZER_NONNULL = YES;
				CLANG_ANALYZER_NUMBER_OBJECT_CONVERSION = YES_AGGRESSIVE;
				CLANG_CXX_LANGUAGE_STANDARD = "gnu++20";
				CLANG_ENABLE_MODULES = YES;
				CLANG_ENABLE_OBJC_ARC = YES;
				CLANG_ENABLE_OBJC_WEAK = YES;
				CLANG_WARN_BLOCK_CAPTURE_AUTORELEASING = YES;
				CLANG_WARN_BOOL_CONVERSION = YES;
				CLANG_WARN_COMMA = YES;
				CLANG_WARN_CONSTANT_CONVERSION = YES;
				CLANG_WARN_DEPRECATED_OBJC_IMPLEMENTATIONS = YES;
				CLANG_WARN_DIRECT_OBJC_ISA_USAGE = YES_ERROR;
				CLANG_WARN_DOCUMENTATION_COMMENTS = YES;
				CLANG_WARN_EMPTY_BODY = YES;
				CLANG_WARN_ENUM_CONVERSION = YES;
				CLANG_WARN_INFINITE_RECURSION = YES;
				CLANG_WARN_INT_CONVERSION = YES;
				CLANG_WARN_NON_LITERAL_NULL_CONVERSION = YES;
				CLANG_WARN_OBJC_IMPLICIT_RETAIN_SELF = YES;
				CLANG_WARN_OBJC_LITERAL_CONVERSION = YES;
				CLANG_WARN_OBJC_ROOT_CLASS = YES_ERROR;
				CLANG_WARN_QUOTED_INCLUDE_IN_FRAMEWORK_HEADER = YES;
				CLANG_WARN_RANGE_LOOP_ANALYSIS = YES;
				CLANG_WARN_STRICT_PROTOTYPES = YES;
				CLANG_WARN_SUSPICIOUS_MOVE = YES;
				CLANG_WARN_UNGUARDED_AVAILABILITY = YES_AGGRESSIVE;
				CLANG_WARN_UNREACHABLE_CODE = YES;
				CLANG_WARN__DUPLICATE_METHOD_MATCH = YES;
				COPY_PHASE_STRIP = NO;
				DEBUG_INFORMATION_FORMAT = "dwarf-with-dsym";
				ENABLE_NS_ASSERTIONS = NO;
				ENABLE_STRICT_OBJC_MSGSEND = YES;
				GCC_C_LANGUAGE_STANDARD = gnu11;
				GCC_NO_COMMON_BLOCKS = YES;
				GCC_WARN_64_TO_32_BIT_CONVERSION = YES;
				GCC_WARN_ABOUT_RETURN_TYPE = YES_ERROR;
				GCC_WARN_UNDECLARED_SELECTOR = YES;
				GCC_WARN_UNINITIALIZED_AUTOS = YES_AGGRESSIVE;
				GCC_WARN_UNUSED_FUNCTION = YES;
				GCC_WARN_UNUSED_VARIABLE = YES;
				IPHONEOS_DEPLOYMENT_TARGET = 16.4;
				MTL_ENABLE_DEBUG_INFO = NO;
				MTL_FAST_MATH = YES;
				SDKROOT = iphoneos;
				SWIFT_COMPILATION_MODE = wholemodule;
				SWIFT_OPTIMIZATION_LEVEL = "-O";
				VALIDATE_PRODUCT = YES;
			};
			name = Release;
		};
		FA7865BC2BA4F0D000D3F373 /* Debug */ = {
			isa = XCBuildConfiguration;
			buildSettings = {
				ASSETCATALOG_COMPILER_APPICON_NAME = AppIcon;
				ASSETCATALOG_COMPILER_GLOBAL_ACCENT_COLOR_NAME = AccentColor;
				CODE_SIGN_STYLE = Automatic;
				CURRENT_PROJECT_VERSION = 1;
				DEVELOPMENT_ASSET_PATHS = "\"MrBeefApp/Preview Content\"";
				DEVELOPMENT_TEAM = 423DHKHZ8H;
				ENABLE_PREVIEWS = YES;
				GENERATE_INFOPLIST_FILE = YES;
				INFOPLIST_KEY_UIApplicationSceneManifest_Generation = YES;
				INFOPLIST_KEY_UIApplicationSupportsIndirectInputEvents = YES;
				INFOPLIST_KEY_UILaunchScreen_Generation = YES;
				INFOPLIST_KEY_UISupportedInterfaceOrientations_iPad = "UIInterfaceOrientationPortrait UIInterfaceOrientationPortraitUpsideDown UIInterfaceOrientationLandscapeLeft UIInterfaceOrientationLandscapeRight";
				INFOPLIST_KEY_UISupportedInterfaceOrientations_iPhone = "UIInterfaceOrientationPortrait UIInterfaceOrientationLandscapeLeft UIInterfaceOrientationLandscapeRight";
				LD_RUNPATH_SEARCH_PATHS = (
					"$(inherited)",
					"@executable_path/Frameworks",
				);
				MARKETING_VERSION = 1.0;
				PRODUCT_BUNDLE_IDENTIFIER = MrBeef.MrBeefApp;
				PRODUCT_NAME = "$(TARGET_NAME)";
				SWIFT_EMIT_LOC_STRINGS = YES;
				SWIFT_VERSION = 5.0;
				TARGETED_DEVICE_FAMILY = "1,2";
			};
			name = Debug;
		};
		FA7865BD2BA4F0D000D3F373 /* Release */ = {
			isa = XCBuildConfiguration;
			buildSettings = {
				ASSETCATALOG_COMPILER_APPICON_NAME = AppIcon;
				ASSETCATALOG_COMPILER_GLOBAL_ACCENT_COLOR_NAME = AccentColor;
				CODE_SIGN_STYLE = Automatic;
				CURRENT_PROJECT_VERSION = 1;
				DEVELOPMENT_ASSET_PATHS = "\"MrBeefApp/Preview Content\"";
				DEVELOPMENT_TEAM = 423DHKHZ8H;
				ENABLE_PREVIEWS = YES;
				GENERATE_INFOPLIST_FILE = YES;
				INFOPLIST_KEY_UIApplicationSceneManifest_Generation = YES;
				INFOPLIST_KEY_UIApplicationSupportsIndirectInputEvents = YES;
				INFOPLIST_KEY_UILaunchScreen_Generation = YES;
				INFOPLIST_KEY_UISupportedInterfaceOrientations_iPad = "UIInterfaceOrientationPortrait UIInterfaceOrientationPortraitUpsideDown UIInterfaceOrientationLandscapeLeft UIInterfaceOrientationLandscapeRight";
				INFOPLIST_KEY_UISupportedInterfaceOrientations_iPhone = "UIInterfaceOrientationPortrait UIInterfaceOrientationLandscapeLeft UIInterfaceOrientationLandscapeRight";
				LD_RUNPATH_SEARCH_PATHS = (
					"$(inherited)",
					"@executable_path/Frameworks",
				);
				MARKETING_VERSION = 1.0;
				PRODUCT_BUNDLE_IDENTIFIER = MrBeef.MrBeefApp;
				PRODUCT_NAME = "$(TARGET_NAME)";
				SWIFT_EMIT_LOC_STRINGS = YES;
				SWIFT_VERSION = 5.0;
				TARGETED_DEVICE_FAMILY = "1,2";
			};
			name = Release;
		};
/* End XCBuildConfiguration section */

/* Begin XCConfigurationList section */
		FA7865A82BA4F0CE00D3F373 /* Build configuration list for PBXProject "MrBeefApp" */ = {
			isa = XCConfigurationList;
			buildConfigurations = (
				FA7865B92BA4F0D000D3F373 /* Debug */,
				FA7865BA2BA4F0D000D3F373 /* Release */,
			);
			defaultConfigurationIsVisible = 0;
			defaultConfigurationName = Release;
		};
		FA7865BB2BA4F0D000D3F373 /* Build configuration list for PBXNativeTarget "MrBeefApp" */ = {
			isa = XCConfigurationList;
			buildConfigurations = (
				FA7865BC2BA4F0D000D3F373 /* Debug */,
				FA7865BD2BA4F0D000D3F373 /* Release */,
			);
			defaultConfigurationIsVisible = 0;
			defaultConfigurationName = Release;
		};
/* End XCConfigurationList section */
	};
	rootObject = FA7865A52BA4F0CE00D3F373 /* Project object */;
}
